
Microsoft Visual Studio Solution File, Format Version 12.00
# Visual Studio Version 16
VisualStudioVersion = 16.0.29519.181
MinimumVisualStudioVersion = 10.0.40219.1
Project("{FAE04EC0-301F-11D3-BF4B-00C04F79EFBC}") = "Calc", "Calc\Calc.csproj", "{532F5384-4FEE-41D6-97DD-98108E6064EA}"
EndProject
Global
	GlobalSection(SolutionConfigurationPlatforms) = preSolution
		Debug|Any CPU = Debug|Any CPU
		Release|Any CPU = Release|Any CPU
	EndGlobalSection
	GlobalSection(ProjectConfigurationPlatforms) = postSolution
		{532F5384-4FEE-41D6-97DD-98108E6064EA}.Debug|Any CPU.ActiveCfg = Debug|Any CPU
		{532F5384-4FEE-41D6-97DD-98108E6064EA}.Debug|Any CPU.Build.0 = Debug|Any CPU
		{532F5384-4FEE-41D6-97DD-98108E6064EA}.Release|Any CPU.ActiveCfg = Release|Any CPU
		{532F5384-4FEE-41D6-97DD-98108E6064EA}.Release|Any CPU.Build.0 = Release|Any CPU
	EndGlobalSection
	GlobalSection(SolutionProperties) = preSolution
		HideSolutionNode = FALSE
	EndGlobalSection
	GlobalSection(ExtensibilityGlobals) = postSolution
		SolutionGuid = {89516F56-F758-44C2-B8C1-B715A1765A3E}
	EndGlobalSection
EndGlobal
